
Microsoft Visual Studio Solution File, Format Version 12.00
# Visual Studio Version 17
VisualStudioVersion = 17.0.31903.59
MinimumVisualStudioVersion = 10.0.40219.1
Project("{2150E333-8FDC-42A3-9474-1A3956D46DE8}") = "src", "src", "{097845A8-7F59-4C09-AD72-3174CDA6716A}"
EndProject
Project("{FAE04EC0-301F-11D3-BF4B-00C04F79EFBC}") = "MySpot.Api", "src\MySpot.Api\MySpot.Api.csproj", "{D737D644-62B4-451D-9D90-989C85CDE390}"
EndProject
Project("{2150E333-8FDC-42A3-9474-1A3956D46DE8}") = "tests", "tests", "{B5FEDEC8-5B0A-4B92-A0C7-E7E3C6724E71}"
EndProject
Project("{FAE04EC0-301F-11D3-BF4B-00C04F79EFBC}") = "MySpot.Tests.Unit", "tests\MySpot.Tests.Unit\MySpot.Tests.Unit.csproj", "{3C1448BA-B006-4933-8DD1-970507434323}"
EndProject
Project("{FAE04EC0-301F-11D3-BF4B-00C04F79EFBC}") = "MySpot.Core", "src\MySpot.Core\MySpot.Core.csproj", "{3B20D31B-EC04-45E5-8224-2C75154E98DC}"
EndProject
Project("{FAE04EC0-301F-11D3-BF4B-00C04F79EFBC}") = "MySpot.Application", "src\MySpot.Application\MySpot.Application.csproj", "{4EF9F01D-F799-4DF0-B0DA-0030FB35269E}"
EndProject
Project("{FAE04EC0-301F-11D3-BF4B-00C04F79EFBC}") = "MySpot.Infrastructure", "src\MySpot.Infrastructure\MySpot.Infrastructure.csproj", "{A8C4CAFC-BC10-4B5C-B18D-2E11EB9E13F7}"
EndProject
Global
	GlobalSection(SolutionConfigurationPlatforms) = preSolution
		Debug|Any CPU = Debug|Any CPU
		Release|Any CPU = Release|Any CPU
	EndGlobalSection
	GlobalSection(SolutionProperties) = preSolution
		HideSolutionNode = FALSE
	EndGlobalSection
	GlobalSection(ProjectConfigurationPlatforms) = postSolution
		{041230C6-9794-41CF-8E31-54211CBC51AA}.Debug|Any CPU.ActiveCfg = Debug|Any CPU
		{041230C6-9794-41CF-8E31-54211CBC51AA}.Debug|Any CPU.Build.0 = Debug|Any CPU
		{041230C6-9794-41CF-8E31-54211CBC51AA}.Release|Any CPU.ActiveCfg = Release|Any CPU
		{041230C6-9794-41CF-8E31-54211CBC51AA}.Release|Any CPU.Build.0 = Release|Any CPU
		{D737D644-62B4-451D-9D90-989C85CDE390}.Debug|Any CPU.ActiveCfg = Debug|Any CPU
		{D737D644-62B4-451D-9D90-989C85CDE390}.Debug|Any CPU.Build.0 = Debug|Any CPU
		{D737D644-62B4-451D-9D90-989C85CDE390}.Release|Any CPU.ActiveCfg = Release|Any CPU
		{D737D644-62B4-451D-9D90-989C85CDE390}.Release|Any CPU.Build.0 = Release|Any CPU
		{3C1448BA-B006-4933-8DD1-970507434323}.Debug|Any CPU.ActiveCfg = Debug|Any CPU
		{3C1448BA-B006-4933-8DD1-970507434323}.Debug|Any CPU.Build.0 = Debug|Any CPU
		{3C1448BA-B006-4933-8DD1-970507434323}.Release|Any CPU.ActiveCfg = Release|Any CPU
		{3C1448BA-B006-4933-8DD1-970507434323}.Release|Any CPU.Build.0 = Release|Any CPU
		{3B20D31B-EC04-45E5-8224-2C75154E98DC}.Debug|Any CPU.ActiveCfg = Debug|Any CPU
		{3B20D31B-EC04-45E5-8224-2C75154E98DC}.Debug|Any CPU.Build.0 = Debug|Any CPU
		{3B20D31B-EC04-45E5-8224-2C75154E98DC}.Release|Any CPU.ActiveCfg = Release|Any CPU
		{3B20D31B-EC04-45E5-8224-2C75154E98DC}.Release|Any CPU.Build.0 = Release|Any CPU
		{4EF9F01D-F799-4DF0-B0DA-0030FB35269E}.Debug|Any CPU.ActiveCfg = Debug|Any CPU
		{4EF9F01D-F799-4DF0-B0DA-0030FB35269E}.Debug|Any CPU.Build.0 = Debug|Any CPU
		{4EF9F01D-F799-4DF0-B0DA-0030FB35269E}.Release|Any CPU.ActiveCfg = Release|Any CPU
		{4EF9F01D-F799-4DF0-B0DA-0030FB35269E}.Release|Any CPU.Build.0 = Release|Any CPU
		{A8C4CAFC-BC10-4B5C-B18D-2E11EB9E13F7}.Debug|Any CPU.ActiveCfg = Debug|Any CPU
		{A8C4CAFC-BC10-4B5C-B18D-2E11EB9E13F7}.Debug|Any CPU.Build.0 = Debug|Any CPU
		{A8C4CAFC-BC10-4B5C-B18D-2E11EB9E13F7}.Release|Any CPU.ActiveCfg = Release|Any CPU
		{A8C4CAFC-BC10-4B5C-B18D-2E11EB9E13F7}.Release|Any CPU.Build.0 = Release|Any CPU
	EndGlobalSection
	GlobalSection(NestedProjects) = preSolution
		{D737D644-62B4-451D-9D90-989C85CDE390} = {097845A8-7F59-4C09-AD72-3174CDA6716A}
		{3C1448BA-B006-4933-8DD1-970507434323} = {B5FEDEC8-5B0A-4B92-A0C7-E7E3C6724E71}
		{3B20D31B-EC04-45E5-8224-2C75154E98DC} = {097845A8-7F59-4C09-AD72-3174CDA6716A}
		{4EF9F01D-F799-4DF0-B0DA-0030FB35269E} = {097845A8-7F59-4C09-AD72-3174CDA6716A}
		{A8C4CAFC-BC10-4B5C-B18D-2E11EB9E13F7} = {097845A8-7F59-4C09-AD72-3174CDA6716A}
	EndGlobalSection
EndGlobal
